
Microsoft Visual Studio Solution File, Format Version 12.00
# Visual Studio 15
VisualStudioVersion = 15.0.27130.2010
MinimumVisualStudioVersion = 10.0.40219.1
Project("{9A19103F-16F7-4668-BE54-9A1E7A4F7556}") = "ArkLight", "src\ArkLight\ArkLight.csproj", "{2A21F460-FC19-41F1-AC2C-BD37B7945BA8}"
EndProject
Project("{FAE04EC0-301F-11D3-BF4B-00C04F79EFBC}") = "ArkLight.Net20", "src\ArkLight.Net20\ArkLight.Net20.csproj", "{52962C16-CC86-44F5-B0FF-E8511FC259C2}"
EndProject
Project("{FAE04EC0-301F-11D3-BF4B-00C04F79EFBC}") = "ArkLight.Net45", "src\ArkLight.Net45\ArkLight.Net45.csproj", "{551D41C6-83C5-4329-89F4-7A62951D8D50}"
EndProject
Project("{2150E333-8FDC-42A3-9474-1A3956D46DE8}") = "src", "src", "{A6ABFA22-6012-4CD3-A47C-ABB08BC54E77}"
EndProject
Project("{2150E333-8FDC-42A3-9474-1A3956D46DE8}") = "example", "example", "{37F84FAC-890B-461C-B74F-6E019C1A171A}"
EndProject
Project("{FAE04EC0-301F-11D3-BF4B-00C04F79EFBC}") = "ArkLight.Example.ConsoleAppNet20", "examples\ArkLight.Example.ConsoleAppNet20\ArkLight.Example.ConsoleAppNet20.csproj", "{CF286A6E-885A-41DE-BFEA-6A1B091B8B6F}"
EndProject
Project("{9A19103F-16F7-4668-BE54-9A1E7A4F7556}") = "ArkLight.Example.NetStandard", "examples\ArkLight.Example.NetStandard\ArkLight.Example.NetStandard.csproj", "{06FBE020-E703-4CE4-9264-31267EB5337D}"
EndProject
Project("{FAE04EC0-301F-11D3-BF4B-00C04F79EFBC}") = "ArkLight.Example.WpfAppNet45", "examples\ArkLight.Example.WpfAppNet45\ArkLight.Example.WpfAppNet45.csproj", "{3033CE39-C116-42DE-8061-C3AED7FC6DFB}"
EndProject
Project("{9A19103F-16F7-4668-BE54-9A1E7A4F7556}") = "ArkLight.ExampleConsoleAppNetCore", "examples\ArkLight.ExampleConsoleAppNetCore\ArkLight.ExampleConsoleAppNetCore.csproj", "{31AF9440-8172-4D00-8841-5D59FCED4D69}"
EndProject
Project("{2150E333-8FDC-42A3-9474-1A3956D46DE8}") = "test", "test", "{2E6F6A20-F71E-494B-83D4-045EAB02AEA3}"
EndProject
Project("{9A19103F-16F7-4668-BE54-9A1E7A4F7556}") = "ArkLight.NetStandard10", "src\ArkLight.NetStandard10\ArkLight.NetStandard10.csproj", "{B79DA67A-18BF-46A8-83E6-8FDF9721A1DA}"
EndProject
Global
	GlobalSection(SolutionConfigurationPlatforms) = preSolution
		Debug|Any CPU = Debug|Any CPU
		Release|Any CPU = Release|Any CPU
	EndGlobalSection
	GlobalSection(ProjectConfigurationPlatforms) = postSolution
		{2A21F460-FC19-41F1-AC2C-BD37B7945BA8}.Debug|Any CPU.ActiveCfg = Debug|Any CPU
		{2A21F460-FC19-41F1-AC2C-BD37B7945BA8}.Debug|Any CPU.Build.0 = Debug|Any CPU
		{2A21F460-FC19-41F1-AC2C-BD37B7945BA8}.Release|Any CPU.ActiveCfg = Release|Any CPU
		{2A21F460-FC19-41F1-AC2C-BD37B7945BA8}.Release|Any CPU.Build.0 = Release|Any CPU
		{52962C16-CC86-44F5-B0FF-E8511FC259C2}.Debug|Any CPU.ActiveCfg = Debug|Any CPU
		{52962C16-CC86-44F5-B0FF-E8511FC259C2}.Debug|Any CPU.Build.0 = Debug|Any CPU
		{52962C16-CC86-44F5-B0FF-E8511FC259C2}.Release|Any CPU.ActiveCfg = Release|Any CPU
		{52962C16-CC86-44F5-B0FF-E8511FC259C2}.Release|Any CPU.Build.0 = Release|Any CPU
		{551D41C6-83C5-4329-89F4-7A62951D8D50}.Debug|Any CPU.ActiveCfg = Debug|Any CPU
		{551D41C6-83C5-4329-89F4-7A62951D8D50}.Debug|Any CPU.Build.0 = Debug|Any CPU
		{551D41C6-83C5-4329-89F4-7A62951D8D50}.Release|Any CPU.ActiveCfg = Release|Any CPU
		{551D41C6-83C5-4329-89F4-7A62951D8D50}.Release|Any CPU.Build.0 = Release|Any CPU
		{CF286A6E-885A-41DE-BFEA-6A1B091B8B6F}.Debug|Any CPU.ActiveCfg = Debug|Any CPU
		{CF286A6E-885A-41DE-BFEA-6A1B091B8B6F}.Debug|Any CPU.Build.0 = Debug|Any CPU
		{CF286A6E-885A-41DE-BFEA-6A1B091B8B6F}.Release|Any CPU.ActiveCfg = Release|Any CPU
		{CF286A6E-885A-41DE-BFEA-6A1B091B8B6F}.Release|Any CPU.Build.0 = Release|Any CPU
		{06FBE020-E703-4CE4-9264-31267EB5337D}.Debug|Any CPU.ActiveCfg = Debug|Any CPU
		{06FBE020-E703-4CE4-9264-31267EB5337D}.Debug|Any CPU.Build.0 = Debug|Any CPU
		{06FBE020-E703-4CE4-9264-31267EB5337D}.Release|Any CPU.ActiveCfg = Release|Any CPU
		{06FBE020-E703-4CE4-9264-31267EB5337D}.Release|Any CPU.Build.0 = Release|Any CPU
		{3033CE39-C116-42DE-8061-C3AED7FC6DFB}.Debug|Any CPU.ActiveCfg = Debug|Any CPU
		{3033CE39-C116-42DE-8061-C3AED7FC6DFB}.Debug|Any CPU.Build.0 = Debug|Any CPU
		{3033CE39-C116-42DE-8061-C3AED7FC6DFB}.Release|Any CPU.ActiveCfg = Release|Any CPU
		{3033CE39-C116-42DE-8061-C3AED7FC6DFB}.Release|Any CPU.Build.0 = Release|Any CPU
		{31AF9440-8172-4D00-8841-5D59FCED4D69}.Debug|Any CPU.ActiveCfg = Debug|Any CPU
		{31AF9440-8172-4D00-8841-5D59FCED4D69}.Debug|Any CPU.Build.0 = Debug|Any CPU
		{31AF9440-8172-4D00-8841-5D59FCED4D69}.Release|Any CPU.ActiveCfg = Release|Any CPU
		{31AF9440-8172-4D00-8841-5D59FCED4D69}.Release|Any CPU.Build.0 = Release|Any CPU
		{B79DA67A-18BF-46A8-83E6-8FDF9721A1DA}.Debug|Any CPU.ActiveCfg = Debug|Any CPU
		{B79DA67A-18BF-46A8-83E6-8FDF9721A1DA}.Debug|Any CPU.Build.0 = Debug|Any CPU
		{B79DA67A-18BF-46A8-83E6-8FDF9721A1DA}.Release|Any CPU.ActiveCfg = Release|Any CPU
		{B79DA67A-18BF-46A8-83E6-8FDF9721A1DA}.Release|Any CPU.Build.0 = Release|Any CPU
	EndGlobalSection
	GlobalSection(SolutionProperties) = preSolution
		HideSolutionNode = FALSE
	EndGlobalSection
	GlobalSection(NestedProjects) = preSolution
		{2A21F460-FC19-41F1-AC2C-BD37B7945BA8} = {A6ABFA22-6012-4CD3-A47C-ABB08BC54E77}
		{52962C16-CC86-44F5-B0FF-E8511FC259C2} = {A6ABFA22-6012-4CD3-A47C-ABB08BC54E77}
		{551D41C6-83C5-4329-89F4-7A62951D8D50} = {A6ABFA22-6012-4CD3-A47C-ABB08BC54E77}
		{CF286A6E-885A-41DE-BFEA-6A1B091B8B6F} = {37F84FAC-890B-461C-B74F-6E019C1A171A}
		{06FBE020-E703-4CE4-9264-31267EB5337D} = {37F84FAC-890B-461C-B74F-6E019C1A171A}
		{3033CE39-C116-42DE-8061-C3AED7FC6DFB} = {37F84FAC-890B-461C-B74F-6E019C1A171A}
		{31AF9440-8172-4D00-8841-5D59FCED4D69} = {37F84FAC-890B-461C-B74F-6E019C1A171A}
		{B79DA67A-18BF-46A8-83E6-8FDF9721A1DA} = {A6ABFA22-6012-4CD3-A47C-ABB08BC54E77}
	EndGlobalSection
	GlobalSection(ExtensibilityGlobals) = postSolution
		SolutionGuid = {3762707A-0499-4AE9-8321-F8D9803D9123}
	EndGlobalSection
EndGlobal
